
Microsoft Visual Studio Solution File, Format Version 12.00
# Visual Studio 15
VisualStudioVersion = 15.0.27130.2026
MinimumVisualStudioVersion = 10.0.40219.1
Project("{FAE04EC0-301F-11D3-BF4B-00C04F79EFBC}") = "Курсовая", "Курсовая\Курсовая.csproj", "{8D267456-5A06-4F19-9CAA-9C8BD19CCB24}"
EndProject
Global
	GlobalSection(SolutionConfigurationPlatforms) = preSolution
		Debug|Any CPU = Debug|Any CPU
		Release|Any CPU = Release|Any CPU
	EndGlobalSection
	GlobalSection(ProjectConfigurationPlatforms) = postSolution
		{8D267456-5A06-4F19-9CAA-9C8BD19CCB24}.Debug|Any CPU.ActiveCfg = Debug|Any CPU
		{8D267456-5A06-4F19-9CAA-9C8BD19CCB24}.Debug|Any CPU.Build.0 = Debug|Any CPU
		{8D267456-5A06-4F19-9CAA-9C8BD19CCB24}.Release|Any CPU.ActiveCfg = Release|Any CPU
		{8D267456-5A06-4F19-9CAA-9C8BD19CCB24}.Release|Any CPU.Build.0 = Release|Any CPU
	EndGlobalSection
	GlobalSection(SolutionProperties) = preSolution
		HideSolutionNode = FALSE
	EndGlobalSection
	GlobalSection(ExtensibilityGlobals) = postSolution
		SolutionGuid = {5B82205A-4885-4803-AE29-29470BD91314}
	EndGlobalSection
EndGlobal
